// !$*UTF8*$!
{
	archiveVersion = 1;
	classes = {
	};
	objectVersion = 51;
	objects = {

/* Begin PBXBuildFile section */
		1F3F6D4161DDA9987A6EF4D8 /* Pods_JHToolsModule.framework in Frameworks */ = {isa = PBXBuildFile; fileRef = 92D1C6EFC981BC9F00DF6516 /* Pods_JHToolsModule.framework */; };
		850741FB20FD9AAA004439B9 /* AppDelegate.m in Sources */ = {isa = PBXBuildFile; fileRef = 850741FA20FD9AAA004439B9 /* AppDelegate.m */; };
		850741FE20FD9AAA004439B9 /* ViewController.m in Sources */ = {isa = PBXBuildFile; fileRef = 850741FD20FD9AAA004439B9 /* ViewController.m */; };
		8507420120FD9AAA004439B9 /* Main.storyboard in Resources */ = {isa = PBXBuildFile; fileRef = 850741FF20FD9AAA004439B9 /* Main.storyboard */; };
		8507420320FD9AB9004439B9 /* Assets.xcassets in Resources */ = {isa = PBXBuildFile; fileRef = 8507420220FD9AB9004439B9 /* Assets.xcassets */; };
		8507420620FD9AB9004439B9 /* LaunchScreen.storyboard in Resources */ = {isa = PBXBuildFile; fileRef = 8507420420FD9AB9004439B9 /* LaunchScreen.storyboard */; };
		8507420920FD9AB9004439B9 /* main.m in Sources */ = {isa = PBXBuildFile; fileRef = 8507420820FD9AB9004439B9 /* main.m */; };
		8508714D212AD42F006EA702 /* NSArray+Sudoku.m in Sources */ = {isa = PBXBuildFile; fileRef = 8508714B212AD42F006EA702 /* NSArray+Sudoku.m */; };
		85087154212AD490006EA702 /* GPSLocationManager.m in Sources */ = {isa = PBXBuildFile; fileRef = 8508714E212AD48F006EA702 /* GPSLocationManager.m */; };
		85087155212AD490006EA702 /* UILineView.m in Sources */ = {isa = PBXBuildFile; fileRef = 85087150212AD48F006EA702 /* UILineView.m */; };
		85087156212AD490006EA702 /* WeakScriptMessageDelegate.m in Sources */ = {isa = PBXBuildFile; fileRef = 85087153212AD490006EA702 /* WeakScriptMessageDelegate.m */; };
		852342972113168000364793 /* NLog.m in Sources */ = {isa = PBXBuildFile; fileRef = 8523428F2113168000364793 /* NLog.m */; };
		852342982113168000364793 /* EasyShow.m in Sources */ = {isa = PBXBuildFile; fileRef = 852342912113168000364793 /* EasyShow.m */; };
		8523429A2113168000364793 /* UserDefaults.m in Sources */ = {isa = PBXBuildFile; fileRef = 852342932113168000364793 /* UserDefaults.m */; };
		8523429D2113173E00364793 /* JHBaseWebViewController.m in Sources */ = {isa = PBXBuildFile; fileRef = 8523429C2113173E00364793 /* JHBaseWebViewController.m */; };
		8526922F212C24A50079B497 /* UIImageView+LoadURL.m in Sources */ = {isa = PBXBuildFile; fileRef = 8526922D212C24A50079B497 /* UIImageView+LoadURL.m */; };
		8538AE1A2100248600AF014C /* UITextField+Masonry.m in Sources */ = {isa = PBXBuildFile; fileRef = 8538AE192100248600AF014C /* UITextField+Masonry.m */; };
		8538AE1D2100252A00AF014C /* UIView+Frame.m in Sources */ = {isa = PBXBuildFile; fileRef = 8538AE1C2100252A00AF014C /* UIView+Frame.m */; };
		8538AE20210037A500AF014C /* UITextView+Masonry.m in Sources */ = {isa = PBXBuildFile; fileRef = 8538AE1F210037A500AF014C /* UITextView+Masonry.m */; };
		8538AE232100383B00AF014C /* UIView+Masonry.m in Sources */ = {isa = PBXBuildFile; fileRef = 8538AE222100383B00AF014C /* UIView+Masonry.m */; };
		8538AE262100396D00AF014C /* UIWebView+Masonry.m in Sources */ = {isa = PBXBuildFile; fileRef = 8538AE252100396D00AF014C /* UIWebView+Masonry.m */; };
		8538AE2A21003F0900AF014C /* UITableViewCell+AddLine.m in Sources */ = {isa = PBXBuildFile; fileRef = 8538AE2921003F0900AF014C /* UITableViewCell+AddLine.m */; };
		853EB6BC2146188800B041BE /* UILabel+FitLines.m in Sources */ = {isa = PBXBuildFile; fileRef = 853EB6BB2146188800B041BE /* UILabel+FitLines.m */; };
		8574B6EF20FF2E6100F3EB05 /* EdgeInsetsLabel.m in Sources */ = {isa = PBXBuildFile; fileRef = 8574B6EE20FF2E6100F3EB05 /* EdgeInsetsLabel.m */; };
		8574B6F220FF2ED600F3EB05 /* JHBaseViewController.m in Sources */ = {isa = PBXBuildFile; fileRef = 8574B6F120FF2ED600F3EB05 /* JHBaseViewController.m */; };
		8574B6F520FF2EF900F3EB05 /* JHBaseTableViewController.m in Sources */ = {isa = PBXBuildFile; fileRef = 8574B6F420FF2EF900F3EB05 /* JHBaseTableViewController.m */; };
		8574B70320FF304500F3EB05 /* UIColor+BaseUI.m in Sources */ = {isa = PBXBuildFile; fileRef = 8574B6FA20FF304500F3EB05 /* UIColor+BaseUI.m */; };
		8574B70420FF304500F3EB05 /* NSString+Base.m in Sources */ = {isa = PBXBuildFile; fileRef = 8574B6FD20FF304500F3EB05 /* NSString+Base.m */; };
		8574B70620FF304500F3EB05 /* UIImage+BaseUI.m in Sources */ = {isa = PBXBuildFile; fileRef = 8574B70220FF304500F3EB05 /* UIImage+BaseUI.m */; };
		8574B70920FF307700F3EB05 /* UINavigationBar+BaseUI.m in Sources */ = {isa = PBXBuildFile; fileRef = 8574B70820FF307700F3EB05 /* UINavigationBar+BaseUI.m */; };
		8574B71A20FF30EE00F3EB05 /* NSNumber+safe.m in Sources */ = {isa = PBXBuildFile; fileRef = 8574B70A20FF30ED00F3EB05 /* NSNumber+safe.m */; };
		8574B71B20FF30EE00F3EB05 /* NSString+safe.m in Sources */ = {isa = PBXBuildFile; fileRef = 8574B70B20FF30ED00F3EB05 /* NSString+safe.m */; };
		8574B71C20FF30EE00F3EB05 /* NSMutableDictionary+safe.m in Sources */ = {isa = PBXBuildFile; fileRef = 8574B70C20FF30ED00F3EB05 /* NSMutableDictionary+safe.m */; };
		8574B71D20FF30EE00F3EB05 /* NullSafe.m in Sources */ = {isa = PBXBuildFile; fileRef = 8574B70D20FF30ED00F3EB05 /* NullSafe.m */; };
		8574B71E20FF30EE00F3EB05 /* NSMutableArray+safe.m in Sources */ = {isa = PBXBuildFile; fileRef = 8574B71020FF30ED00F3EB05 /* NSMutableArray+safe.m */; };
		8574B71F20FF30EE00F3EB05 /* UITableView+safe.m in Sources */ = {isa = PBXBuildFile; fileRef = 8574B71220FF30ED00F3EB05 /* UITableView+safe.m */; };
		8574B72020FF30EE00F3EB05 /* NSArray+safe.m in Sources */ = {isa = PBXBuildFile; fileRef = 8574B71520FF30ED00F3EB05 /* NSArray+safe.m */; };
		8574B72120FF30EE00F3EB05 /* NSDictionary+safe.m in Sources */ = {isa = PBXBuildFile; fileRef = 8574B71820FF30ED00F3EB05 /* NSDictionary+safe.m */; };
		8574B72420FF312100F3EB05 /* NSObject+swizzle.m in Sources */ = {isa = PBXBuildFile; fileRef = 8574B72320FF312100F3EB05 /* NSObject+swizzle.m */; };
		8574B72D20FF317C00F3EB05 /* UIButton+Countdown.m in Sources */ = {isa = PBXBuildFile; fileRef = 8574B72520FF317B00F3EB05 /* UIButton+Countdown.m */; };
		8574B72F20FF317C00F3EB05 /* UIButton+Position.m in Sources */ = {isa = PBXBuildFile; fileRef = 8574B72A20FF317C00F3EB05 /* UIButton+Position.m */; };
		8574B73020FF317C00F3EB05 /* NSObject+BlockSEL.m in Sources */ = {isa = PBXBuildFile; fileRef = 8574B72B20FF317C00F3EB05 /* NSObject+BlockSEL.m */; };
		8574B73620FF344400F3EB05 /* JHMasonryTool.m in Sources */ = {isa = PBXBuildFile; fileRef = 8574B73520FF344400F3EB05 /* JHMasonryTool.m */; };
		8574B73920FF359100F3EB05 /* UIButton+Masonry.m in Sources */ = {isa = PBXBuildFile; fileRef = 8574B73820FF359100F3EB05 /* UIButton+Masonry.m */; };
		8574B73C20FF3B4800F3EB05 /* UICollectionView+Masonry.m in Sources */ = {isa = PBXBuildFile; fileRef = 8574B73B20FF3B4800F3EB05 /* UICollectionView+Masonry.m */; };
		8574B73F20FF4AEB00F3EB05 /* UIGestureRecognizer+Block.m in Sources */ = {isa = PBXBuildFile; fileRef = 8574B73E20FF4AEB00F3EB05 /* UIGestureRecognizer+Block.m */; };
		8574B74220FF4CD200F3EB05 /* UIImageView+Masonry.m in Sources */ = {isa = PBXBuildFile; fileRef = 8574B74120FF4CD200F3EB05 /* UIImageView+Masonry.m */; };
		8574B74520FF4DFF00F3EB05 /* UILabel+Masonry.m in Sources */ = {isa = PBXBuildFile; fileRef = 8574B74420FF4DFF00F3EB05 /* UILabel+Masonry.m */; };
		8574B74820FF4F2900F3EB05 /* UITableView+Masonry.m in Sources */ = {isa = PBXBuildFile; fileRef = 8574B74720FF4F2900F3EB05 /* UITableView+Masonry.m */; };
		910F8A2121F70B6E009DBC37 /* MSWeakTimer.m in Sources */ = {isa = PBXBuildFile; fileRef = 910F8A1F21F70B6E009DBC37 /* MSWeakTimer.m */; };
		910F8A2421F70C05009DBC37 /* JHBaseTableViewCell.m in Sources */ = {isa = PBXBuildFile; fileRef = 910F8A2321F70C05009DBC37 /* JHBaseTableViewCell.m */; };
		910F8A2721F713F2009DBC37 /* JHBaseHeaderFooterView.m in Sources */ = {isa = PBXBuildFile; fileRef = 910F8A2621F713F2009DBC37 /* JHBaseHeaderFooterView.m */; };
		91276999235701FB00DFAA4A /* Images.xcassets in Resources */ = {isa = PBXBuildFile; fileRef = 91276998235701FB00DFAA4A /* Images.xcassets */; };
		913C1D902379045C00FC9F58 /* UINavigationController+Bar.m in Sources */ = {isa = PBXBuildFile; fileRef = 913C1D8F2379045C00FC9F58 /* UINavigationController+Bar.m */; };
		91420FCF21B7C033005B7961 /* UILabel+AttributeClick.m in Sources */ = {isa = PBXBuildFile; fileRef = 91420FCE21B7C033005B7961 /* UILabel+AttributeClick.m */; };
		91AA65BC21CB8FB70055905F /* LimitTextView.m in Sources */ = {isa = PBXBuildFile; fileRef = 91AA65B721CB8FB30055905F /* LimitTextView.m */; };
		91AA65BD21CB8FB70055905F /* LimitTextField.m in Sources */ = {isa = PBXBuildFile; fileRef = 91AA65B821CB8FB40055905F /* LimitTextField.m */; };
		91B3BE4C21A695160044CC8D /* UIControl+Block.m in Sources */ = {isa = PBXBuildFile; fileRef = 91B3BE4B21A695160044CC8D /* UIControl+Block.m */; };
		91B8B77E227305DB004FB751 /* NSDate+Tool.m in Sources */ = {isa = PBXBuildFile; fileRef = 91B8B77D227305DB004FB751 /* NSDate+Tool.m */; };
		91F943CF22B23C9F00C8E124 /* JHBaseTableView.m in Sources */ = {isa = PBXBuildFile; fileRef = 91F943CE22B23C9F00C8E124 /* JHBaseTableView.m */; };
		E2B8AA792306751D000BE864 /* JHBaseCollectionViewCell.m in Sources */ = {isa = PBXBuildFile; fileRef = E2B8AA782306751D000BE864 /* JHBaseCollectionViewCell.m */; };
		E2B8AA7C23067541000BE864 /* JHBaseCollectionReusableView.m in Sources */ = {isa = PBXBuildFile; fileRef = E2B8AA7B23067541000BE864 /* JHBaseCollectionReusableView.m */; };
		E2B8AA7F23069395000BE864 /* JHBaseCollectionViewController.m in Sources */ = {isa = PBXBuildFile; fileRef = E2B8AA7E23069395000BE864 /* JHBaseCollectionViewController.m */; };
		E2B8AA822306B73B000BE864 /* CollViewController.m in Sources */ = {isa = PBXBuildFile; fileRef = E2B8AA812306B73B000BE864 /* CollViewController.m */; };
/* End PBXBuildFile section */

/* Begin PBXFileReference section */
		660995E97A9D0ECE1574C165 /* Pods-JHToolsModule_Swift.debug.xcconfig */ = {isa = PBXFileReference; includeInIndex = 1; lastKnownFileType = text.xcconfig; name = "Pods-JHToolsModule_Swift.debug.xcconfig"; path = "Pods/Target Support Files/Pods-JHToolsModule_Swift/Pods-JHToolsModule_Swift.debug.xcconfig"; sourceTree = "<group>"; };
		850741F620FD9AAA004439B9 /* JHToolsModule.app */ = {isa = PBXFileReference; explicitFileType = wrapper.application; includeInIndex = 0; path = JHToolsModule.app; sourceTree = BUILT_PRODUCTS_DIR; };
		850741F920FD9AAA004439B9 /* AppDelegate.h */ = {isa = PBXFileReference; lastKnownFileType = sourcecode.c.h; path = AppDelegate.h; sourceTree = "<group>"; };
		850741FA20FD9AAA004439B9 /* AppDelegate.m */ = {isa = PBXFileReference; lastKnownFileType = sourcecode.c.objc; path = AppDelegate.m; sourceTree = "<group>"; };
		850741FC20FD9AAA004439B9 /* ViewController.h */ = {isa = PBXFileReference; lastKnownFileType = sourcecode.c.h; path = ViewController.h; sourceTree = "<group>"; };
		850741FD20FD9AAA004439B9 /* ViewController.m */ = {isa = PBXFileReference; lastKnownFileType = sourcecode.c.objc; path = ViewController.m; sourceTree = "<group>"; };
		8507420020FD9AAA004439B9 /* Base */ = {isa = PBXFileReference; lastKnownFileType = file.storyboard; name = Base; path = Base.lproj/Main.storyboard; sourceTree = "<group>"; };
		8507420220FD9AB9004439B9 /* Assets.xcassets */ = {isa = PBXFileReference; lastKnownFileType = folder.assetcatalog; path = Assets.xcassets; sourceTree = "<group>"; };
		8507420520FD9AB9004439B9 /* Base */ = {isa = PBXFileReference; lastKnownFileType = file.storyboard; name = Base; path = Base.lproj/LaunchScreen.storyboard; sourceTree = "<group>"; };
		8507420720FD9AB9004439B9 /* Info.plist */ = {isa = PBXFileReference; lastKnownFileType = text.plist.xml; path = Info.plist; sourceTree = "<group>"; };
		8507420820FD9AB9004439B9 /* main.m */ = {isa = PBXFileReference; lastKnownFileType = sourcecode.c.objc; path = main.m; sourceTree = "<group>"; };
		8508714B212AD42F006EA702 /* NSArray+Sudoku.m */ = {isa = PBXFileReference; fileEncoding = 4; lastKnownFileType = sourcecode.c.objc; path = "NSArray+Sudoku.m"; sourceTree = "<group>"; };
		8508714C212AD42F006EA702 /* NSArray+Sudoku.h */ = {isa = PBXFileReference; fileEncoding = 4; lastKnownFileType = sourcecode.c.h; path = "NSArray+Sudoku.h"; sourceTree = "<group>"; };
		8508714E212AD48F006EA702 /* GPSLocationManager.m */ = {isa = PBXFileReference; fileEncoding = 4; lastKnownFileType = sourcecode.c.objc; path = GPSLocationManager.m; sourceTree = "<group>"; };
		8508714F212AD48F006EA702 /* GPSLocationManager.h */ = {isa = PBXFileReference; fileEncoding = 4; lastKnownFileType = sourcecode.c.h; path = GPSLocationManager.h; sourceTree = "<group>"; };
		85087150212AD48F006EA702 /* UILineView.m */ = {isa = PBXFileReference; fileEncoding = 4; lastKnownFileType = sourcecode.c.objc; path = UILineView.m; sourceTree = "<group>"; };
		85087151212AD48F006EA702 /* WeakScriptMessageDelegate.h */ = {isa = PBXFileReference; fileEncoding = 4; lastKnownFileType = sourcecode.c.h; path = WeakScriptMessageDelegate.h; sourceTree = "<group>"; };
		85087152212AD48F006EA702 /* UILineView.h */ = {isa = PBXFileReference; fileEncoding = 4; lastKnownFileType = sourcecode.c.h; path = UILineView.h; sourceTree = "<group>"; };
		85087153212AD490006EA702 /* WeakScriptMessageDelegate.m */ = {isa = PBXFileReference; fileEncoding = 4; lastKnownFileType = sourcecode.c.objc; path = WeakScriptMessageDelegate.m; sourceTree = "<group>"; };
		8523428C2113167F00364793 /* UserDefaults.h */ = {isa = PBXFileReference; fileEncoding = 4; lastKnownFileType = sourcecode.c.h; path = UserDefaults.h; sourceTree = "<group>"; };
		8523428D2113168000364793 /* EasyShow.h */ = {isa = PBXFileReference; fileEncoding = 4; lastKnownFileType = sourcecode.c.h; path = EasyShow.h; sourceTree = "<group>"; };
		8523428F2113168000364793 /* NLog.m */ = {isa = PBXFileReference; fileEncoding = 4; lastKnownFileType = sourcecode.c.objc; path = NLog.m; sourceTree = "<group>"; };
		852342912113168000364793 /* EasyShow.m */ = {isa = PBXFileReference; fileEncoding = 4; lastKnownFileType = sourcecode.c.objc; path = EasyShow.m; sourceTree = "<group>"; };
		852342932113168000364793 /* UserDefaults.m */ = {isa = PBXFileReference; fileEncoding = 4; lastKnownFileType = sourcecode.c.objc; path = UserDefaults.m; sourceTree = "<group>"; };
		852342952113168000364793 /* NLog.h */ = {isa = PBXFileReference; fileEncoding = 4; lastKnownFileType = sourcecode.c.h; path = NLog.h; sourceTree = "<group>"; };
		8523429B2113173E00364793 /* JHBaseWebViewController.h */ = {isa = PBXFileReference; lastKnownFileType = sourcecode.c.h; path = JHBaseWebViewController.h; sourceTree = "<group>"; };
		8523429C2113173E00364793 /* JHBaseWebViewController.m */ = {isa = PBXFileReference; lastKnownFileType = sourcecode.c.objc; path = JHBaseWebViewController.m; sourceTree = "<group>"; };
		8526922D212C24A50079B497 /* UIImageView+LoadURL.m */ = {isa = PBXFileReference; fileEncoding = 4; lastKnownFileType = sourcecode.c.objc; path = "UIImageView+LoadURL.m"; sourceTree = "<group>"; };
		8526922E212C24A50079B497 /* UIImageView+LoadURL.h */ = {isa = PBXFileReference; fileEncoding = 4; lastKnownFileType = sourcecode.c.h; path = "UIImageView+LoadURL.h"; sourceTree = "<group>"; };
		8538AE182100248600AF014C /* UITextField+Masonry.h */ = {isa = PBXFileReference; lastKnownFileType = sourcecode.c.h; path = "UITextField+Masonry.h"; sourceTree = "<group>"; };
		8538AE192100248600AF014C /* UITextField+Masonry.m */ = {isa = PBXFileReference; lastKnownFileType = sourcecode.c.objc; path = "UITextField+Masonry.m"; sourceTree = "<group>"; };
		8538AE1B2100252A00AF014C /* UIView+Frame.h */ = {isa = PBXFileReference; lastKnownFileType = sourcecode.c.h; path = "UIView+Frame.h"; sourceTree = "<group>"; };
		8538AE1C2100252A00AF014C /* UIView+Frame.m */ = {isa = PBXFileReference; lastKnownFileType = sourcecode.c.objc; path = "UIView+Frame.m"; sourceTree = "<group>"; };
		8538AE1E210037A500AF014C /* UITextView+Masonry.h */ = {isa = PBXFileReference; lastKnownFileType = sourcecode.c.h; path = "UITextView+Masonry.h"; sourceTree = "<group>"; };
		8538AE1F210037A500AF014C /* UITextView+Masonry.m */ = {isa = PBXFileReference; lastKnownFileType = sourcecode.c.objc; path = "UITextView+Masonry.m"; sourceTree = "<group>"; };
		8538AE212100383B00AF014C /* UIView+Masonry.h */ = {isa = PBXFileReference; lastKnownFileType = sourcecode.c.h; path = "UIView+Masonry.h"; sourceTree = "<group>"; };
		8538AE222100383B00AF014C /* UIView+Masonry.m */ = {isa = PBXFileReference; lastKnownFileType = sourcecode.c.objc; path = "UIView+Masonry.m"; sourceTree = "<group>"; };
		8538AE242100396D00AF014C /* UIWebView+Masonry.h */ = {isa = PBXFileReference; lastKnownFileType = sourcecode.c.h; path = "UIWebView+Masonry.h"; sourceTree = "<group>"; };
		8538AE252100396D00AF014C /* UIWebView+Masonry.m */ = {isa = PBXFileReference; lastKnownFileType = sourcecode.c.objc; path = "UIWebView+Masonry.m"; sourceTree = "<group>"; };
		8538AE27210039E100AF014C /* MasonryUI.h */ = {isa = PBXFileReference; lastKnownFileType = sourcecode.c.h; path = MasonryUI.h; sourceTree = "<group>"; };
		8538AE2821003F0900AF014C /* UITableViewCell+AddLine.h */ = {isa = PBXFileReference; fileEncoding = 4; lastKnownFileType = sourcecode.c.h; path = "UITableViewCell+AddLine.h"; sourceTree = "<group>"; };
		8538AE2921003F0900AF014C /* UITableViewCell+AddLine.m */ = {isa = PBXFileReference; fileEncoding = 4; lastKnownFileType = sourcecode.c.objc; path = "UITableViewCell+AddLine.m"; sourceTree = "<group>"; };
		8538AE3921008D1000AF014C /* JHToolsModule.h */ = {isa = PBXFileReference; lastKnownFileType = sourcecode.c.h; path = JHToolsModule.h; sourceTree = "<group>"; };
		853EB6BA2146188800B041BE /* UILabel+FitLines.h */ = {isa = PBXFileReference; lastKnownFileType = sourcecode.c.h; path = "UILabel+FitLines.h"; sourceTree = "<group>"; };
		853EB6BB2146188800B041BE /* UILabel+FitLines.m */ = {isa = PBXFileReference; lastKnownFileType = sourcecode.c.objc; path = "UILabel+FitLines.m"; sourceTree = "<group>"; };
		8574B6EC20FF2E2A00F3EB05 /* JHToolsDefine.h */ = {isa = PBXFileReference; lastKnownFileType = sourcecode.c.h; path = JHToolsDefine.h; sourceTree = "<group>"; };
		8574B6ED20FF2E6100F3EB05 /* EdgeInsetsLabel.h */ = {isa = PBXFileReference; fileEncoding = 4; lastKnownFileType = sourcecode.c.h; path = EdgeInsetsLabel.h; sourceTree = "<group>"; };
		8574B6EE20FF2E6100F3EB05 /* EdgeInsetsLabel.m */ = {isa = PBXFileReference; fileEncoding = 4; lastKnownFileType = sourcecode.c.objc; path = EdgeInsetsLabel.m; sourceTree = "<group>"; };
		8574B6F020FF2ED600F3EB05 /* JHBaseViewController.h */ = {isa = PBXFileReference; lastKnownFileType = sourcecode.c.h; path = JHBaseViewController.h; sourceTree = "<group>"; };
		8574B6F120FF2ED600F3EB05 /* JHBaseViewController.m */ = {isa = PBXFileReference; lastKnownFileType = sourcecode.c.objc; path = JHBaseViewController.m; sourceTree = "<group>"; };
		8574B6F320FF2EF900F3EB05 /* JHBaseTableViewController.h */ = {isa = PBXFileReference; lastKnownFileType = sourcecode.c.h; path = JHBaseTableViewController.h; sourceTree = "<group>"; };
		8574B6F420FF2EF900F3EB05 /* JHBaseTableViewController.m */ = {isa = PBXFileReference; lastKnownFileType = sourcecode.c.objc; path = JHBaseTableViewController.m; sourceTree = "<group>"; };
		8574B6FA20FF304500F3EB05 /* UIColor+BaseUI.m */ = {isa = PBXFileReference; fileEncoding = 4; lastKnownFileType = sourcecode.c.objc; path = "UIColor+BaseUI.m"; sourceTree = "<group>"; };
		8574B6FC20FF304500F3EB05 /* UIColor+BaseUI.h */ = {isa = PBXFileReference; fileEncoding = 4; lastKnownFileType = sourcecode.c.h; path = "UIColor+BaseUI.h"; sourceTree = "<group>"; };
		8574B6FD20FF304500F3EB05 /* NSString+Base.m */ = {isa = PBXFileReference; fileEncoding = 4; lastKnownFileType = sourcecode.c.objc; path = "NSString+Base.m"; sourceTree = "<group>"; };
		8574B6FE20FF304500F3EB05 /* NSString+Base.h */ = {isa = PBXFileReference; fileEncoding = 4; lastKnownFileType = sourcecode.c.h; path = "NSString+Base.h"; sourceTree = "<group>"; };
		8574B6FF20FF304500F3EB05 /* BaseUI.h */ = {isa = PBXFileReference; fileEncoding = 4; lastKnownFileType = sourcecode.c.h; path = BaseUI.h; sourceTree = "<group>"; };
		8574B70120FF304500F3EB05 /* UIImage+BaseUI.h */ = {isa = PBXFileReference; fileEncoding = 4; lastKnownFileType = sourcecode.c.h; path = "UIImage+BaseUI.h"; sourceTree = "<group>"; };
		8574B70220FF304500F3EB05 /* UIImage+BaseUI.m */ = {isa = PBXFileReference; fileEncoding = 4; lastKnownFileType = sourcecode.c.objc; path = "UIImage+BaseUI.m"; sourceTree = "<group>"; };
		8574B70720FF307700F3EB05 /* UINavigationBar+BaseUI.h */ = {isa = PBXFileReference; fileEncoding = 4; lastKnownFileType = sourcecode.c.h; path = "UINavigationBar+BaseUI.h"; sourceTree = "<group>"; };
		8574B70820FF307700F3EB05 /* UINavigationBar+BaseUI.m */ = {isa = PBXFileReference; fileEncoding = 4; lastKnownFileType = sourcecode.c.objc; path = "UINavigationBar+BaseUI.m"; sourceTree = "<group>"; };
		8574B70A20FF30ED00F3EB05 /* NSNumber+safe.m */ = {isa = PBXFileReference; fileEncoding = 4; lastKnownFileType = sourcecode.c.objc; path = "NSNumber+safe.m"; sourceTree = "<group>"; };
		8574B70B20FF30ED00F3EB05 /* NSString+safe.m */ = {isa = PBXFileReference; fileEncoding = 4; lastKnownFileType = sourcecode.c.objc; path = "NSString+safe.m"; sourceTree = "<group>"; };
		8574B70C20FF30ED00F3EB05 /* NSMutableDictionary+safe.m */ = {isa = PBXFileReference; fileEncoding = 4; lastKnownFileType = sourcecode.c.objc; path = "NSMutableDictionary+safe.m"; sourceTree = "<group>"; };
		8574B70D20FF30ED00F3EB05 /* NullSafe.m */ = {isa = PBXFileReference; fileEncoding = 4; lastKnownFileType = sourcecode.c.objc; path = NullSafe.m; sourceTree = "<group>"; };
		8574B70E20FF30ED00F3EB05 /* NSString+safe.h */ = {isa = PBXFileReference; fileEncoding = 4; lastKnownFileType = sourcecode.c.h; path = "NSString+safe.h"; sourceTree = "<group>"; };
		8574B70F20FF30ED00F3EB05 /* NSDictionary+safe.h */ = {isa = PBXFileReference; fileEncoding = 4; lastKnownFileType = sourcecode.c.h; path = "NSDictionary+safe.h"; sourceTree = "<group>"; };
		8574B71020FF30ED00F3EB05 /* NSMutableArray+safe.m */ = {isa = PBXFileReference; fileEncoding = 4; lastKnownFileType = sourcecode.c.objc; path = "NSMutableArray+safe.m"; sourceTree = "<group>"; };
		8574B71120FF30ED00F3EB05 /* UITableView+safe.h */ = {isa = PBXFileReference; fileEncoding = 4; lastKnownFileType = sourcecode.c.h; path = "UITableView+safe.h"; sourceTree = "<group>"; };
		8574B71220FF30ED00F3EB05 /* UITableView+safe.m */ = {isa = PBXFileReference; fileEncoding = 4; lastKnownFileType = sourcecode.c.objc; path = "UITableView+safe.m"; sourceTree = "<group>"; };
		8574B71320FF30ED00F3EB05 /* NSNumber+safe.h */ = {isa = PBXFileReference; fileEncoding = 4; lastKnownFileType = sourcecode.c.h; path = "NSNumber+safe.h"; sourceTree = "<group>"; };
		8574B71420FF30ED00F3EB05 /* NSMutableArray+safe.h */ = {isa = PBXFileReference; fileEncoding = 4; lastKnownFileType = sourcecode.c.h; path = "NSMutableArray+safe.h"; sourceTree = "<group>"; };
		8574B71520FF30ED00F3EB05 /* NSArray+safe.m */ = {isa = PBXFileReference; fileEncoding = 4; lastKnownFileType = sourcecode.c.objc; path = "NSArray+safe.m"; sourceTree = "<group>"; };
		8574B71620FF30ED00F3EB05 /* NSMutableDictionary+safe.h */ = {isa = PBXFileReference; fileEncoding = 4; lastKnownFileType = sourcecode.c.h; path = "NSMutableDictionary+safe.h"; sourceTree = "<group>"; };
		8574B71720FF30ED00F3EB05 /* NSArray+safe.h */ = {isa = PBXFileReference; fileEncoding = 4; lastKnownFileType = sourcecode.c.h; path = "NSArray+safe.h"; sourceTree = "<group>"; };
		8574B71820FF30ED00F3EB05 /* NSDictionary+safe.m */ = {isa = PBXFileReference; fileEncoding = 4; lastKnownFileType = sourcecode.c.objc; path = "NSDictionary+safe.m"; sourceTree = "<group>"; };
		8574B71920FF30EE00F3EB05 /* SafeEX.h */ = {isa = PBXFileReference; fileEncoding = 4; lastKnownFileType = sourcecode.c.h; path = SafeEX.h; sourceTree = "<group>"; };
		8574B72220FF312100F3EB05 /* NSObject+swizzle.h */ = {isa = PBXFileReference; fileEncoding = 4; lastKnownFileType = sourcecode.c.h; path = "NSObject+swizzle.h"; sourceTree = "<group>"; };
		8574B72320FF312100F3EB05 /* NSObject+swizzle.m */ = {isa = PBXFileReference; fileEncoding = 4; lastKnownFileType = sourcecode.c.objc; path = "NSObject+swizzle.m"; sourceTree = "<group>"; };
		8574B72520FF317B00F3EB05 /* UIButton+Countdown.m */ = {isa = PBXFileReference; fileEncoding = 4; lastKnownFileType = sourcecode.c.objc; path = "UIButton+Countdown.m"; sourceTree = "<group>"; };
		8574B72720FF317B00F3EB05 /* UIButton+Countdown.h */ = {isa = PBXFileReference; fileEncoding = 4; lastKnownFileType = sourcecode.c.h; path = "UIButton+Countdown.h"; sourceTree = "<group>"; };
		8574B72920FF317C00F3EB05 /* NSObject+BlockSEL.h */ = {isa = PBXFileReference; fileEncoding = 4; lastKnownFileType = sourcecode.c.h; path = "NSObject+BlockSEL.h"; sourceTree = "<group>"; };
		8574B72A20FF317C00F3EB05 /* UIButton+Position.m */ = {isa = PBXFileReference; fileEncoding = 4; lastKnownFileType = sourcecode.c.objc; path = "UIButton+Position.m"; sourceTree = "<group>"; };
		8574B72B20FF317C00F3EB05 /* NSObject+BlockSEL.m */ = {isa = PBXFileReference; fileEncoding = 4; lastKnownFileType = sourcecode.c.objc; path = "NSObject+BlockSEL.m"; sourceTree = "<group>"; };
		8574B72C20FF317C00F3EB05 /* UIButton+Position.h */ = {isa = PBXFileReference; fileEncoding = 4; lastKnownFileType = sourcecode.c.h; path = "UIButton+Position.h"; sourceTree = "<group>"; };
		8574B73420FF344400F3EB05 /* JHMasonryTool.h */ = {isa = PBXFileReference; lastKnownFileType = sourcecode.c.h; path = JHMasonryTool.h; sourceTree = "<group>"; };
		8574B73520FF344400F3EB05 /* JHMasonryTool.m */ = {isa = PBXFileReference; lastKnownFileType = sourcecode.c.objc; path = JHMasonryTool.m; sourceTree = "<group>"; };
		8574B73720FF359100F3EB05 /* UIButton+Masonry.h */ = {isa = PBXFileReference; lastKnownFileType = sourcecode.c.h; path = "UIButton+Masonry.h"; sourceTree = "<group>"; };
		8574B73820FF359100F3EB05 /* UIButton+Masonry.m */ = {isa = PBXFileReference; lastKnownFileType = sourcecode.c.objc; path = "UIButton+Masonry.m"; sourceTree = "<group>"; };
		8574B73A20FF3B4800F3EB05 /* UICollectionView+Masonry.h */ = {isa = PBXFileReference; lastKnownFileType = sourcecode.c.h; path = "UICollectionView+Masonry.h"; sourceTree = "<group>"; };
		8574B73B20FF3B4800F3EB05 /* UICollectionView+Masonry.m */ = {isa = PBXFileReference; lastKnownFileType = sourcecode.c.objc; path = "UICollectionView+Masonry.m"; sourceTree = "<group>"; };
		8574B73D20FF4AEB00F3EB05 /* UIGestureRecognizer+Block.h */ = {isa = PBXFileReference; lastKnownFileType = sourcecode.c.h; path = "UIGestureRecognizer+Block.h"; sourceTree = "<group>"; };
		8574B73E20FF4AEB00F3EB05 /* UIGestureRecognizer+Block.m */ = {isa = PBXFileReference; lastKnownFileType = sourcecode.c.objc; path = "UIGestureRecognizer+Block.m"; sourceTree = "<group>"; };
		8574B74020FF4CD200F3EB05 /* UIImageView+Masonry.h */ = {isa = PBXFileReference; lastKnownFileType = sourcecode.c.h; path = "UIImageView+Masonry.h"; sourceTree = "<group>"; };
		8574B74120FF4CD200F3EB05 /* UIImageView+Masonry.m */ = {isa = PBXFileReference; lastKnownFileType = sourcecode.c.objc; path = "UIImageView+Masonry.m"; sourceTree = "<group>"; };
		8574B74320FF4DFF00F3EB05 /* UILabel+Masonry.h */ = {isa = PBXFileReference; lastKnownFileType = sourcecode.c.h; path = "UILabel+Masonry.h"; sourceTree = "<group>"; };
		8574B74420FF4DFF00F3EB05 /* UILabel+Masonry.m */ = {isa = PBXFileReference; lastKnownFileType = sourcecode.c.objc; path = "UILabel+Masonry.m"; sourceTree = "<group>"; };
		8574B74620FF4F2900F3EB05 /* UITableView+Masonry.h */ = {isa = PBXFileReference; lastKnownFileType = sourcecode.c.h; path = "UITableView+Masonry.h"; sourceTree = "<group>"; };
		8574B74720FF4F2900F3EB05 /* UITableView+Masonry.m */ = {isa = PBXFileReference; lastKnownFileType = sourcecode.c.objc; path = "UITableView+Masonry.m"; sourceTree = "<group>"; };
		910F8A1F21F70B6E009DBC37 /* MSWeakTimer.m */ = {isa = PBXFileReference; fileEncoding = 4; lastKnownFileType = sourcecode.c.objc; path = MSWeakTimer.m; sourceTree = "<group>"; };
		910F8A2021F70B6E009DBC37 /* MSWeakTimer.h */ = {isa = PBXFileReference; fileEncoding = 4; lastKnownFileType = sourcecode.c.h; path = MSWeakTimer.h; sourceTree = "<group>"; };
		910F8A2221F70C05009DBC37 /* JHBaseTableViewCell.h */ = {isa = PBXFileReference; lastKnownFileType = sourcecode.c.h; path = JHBaseTableViewCell.h; sourceTree = "<group>"; };
		910F8A2321F70C05009DBC37 /* JHBaseTableViewCell.m */ = {isa = PBXFileReference; lastKnownFileType = sourcecode.c.objc; path = JHBaseTableViewCell.m; sourceTree = "<group>"; };
		910F8A2521F713F2009DBC37 /* JHBaseHeaderFooterView.h */ = {isa = PBXFileReference; lastKnownFileType = sourcecode.c.h; path = JHBaseHeaderFooterView.h; sourceTree = "<group>"; };
		910F8A2621F713F2009DBC37 /* JHBaseHeaderFooterView.m */ = {isa = PBXFileReference; lastKnownFileType = sourcecode.c.objc; path = JHBaseHeaderFooterView.m; sourceTree = "<group>"; };
		91276998235701FB00DFAA4A /* Images.xcassets */ = {isa = PBXFileReference; lastKnownFileType = folder.assetcatalog; path = Images.xcassets; sourceTree = "<group>"; };
		913C1D8E2379045C00FC9F58 /* UINavigationController+Bar.h */ = {isa = PBXFileReference; lastKnownFileType = sourcecode.c.h; path = "UINavigationController+Bar.h"; sourceTree = "<group>"; };
		913C1D8F2379045C00FC9F58 /* UINavigationController+Bar.m */ = {isa = PBXFileReference; lastKnownFileType = sourcecode.c.objc; path = "UINavigationController+Bar.m"; sourceTree = "<group>"; };
		91420FCD21B7C033005B7961 /* UILabel+AttributeClick.h */ = {isa = PBXFileReference; fileEncoding = 4; lastKnownFileType = sourcecode.c.h; path = "UILabel+AttributeClick.h"; sourceTree = "<group>"; };
		91420FCE21B7C033005B7961 /* UILabel+AttributeClick.m */ = {isa = PBXFileReference; fileEncoding = 4; lastKnownFileType = sourcecode.c.objc; path = "UILabel+AttributeClick.m"; sourceTree = "<group>"; };
		91AA65B721CB8FB30055905F /* LimitTextView.m */ = {isa = PBXFileReference; fileEncoding = 4; lastKnownFileType = sourcecode.c.objc; path = LimitTextView.m; sourceTree = "<group>"; };
		91AA65B821CB8FB40055905F /* LimitTextField.m */ = {isa = PBXFileReference; fileEncoding = 4; lastKnownFileType = sourcecode.c.objc; path = LimitTextField.m; sourceTree = "<group>"; };
		91AA65B921CB8FB50055905F /* LimitTextView.h */ = {isa = PBXFileReference; fileEncoding = 4; lastKnownFileType = sourcecode.c.h; path = LimitTextView.h; sourceTree = "<group>"; };
		91AA65BA21CB8FB60055905F /* LimitTextField.h */ = {isa = PBXFileReference; fileEncoding = 4; lastKnownFileType = sourcecode.c.h; path = LimitTextField.h; sourceTree = "<group>"; };
		91AA65BB21CB8FB70055905F /* Utility.h */ = {isa = PBXFileReference; fileEncoding = 4; lastKnownFileType = sourcecode.c.h; path = Utility.h; sourceTree = "<group>"; };
		91AA65BE21CB8FD40055905F /* BaseVC.h */ = {isa = PBXFileReference; lastKnownFileType = sourcecode.c.h; path = BaseVC.h; sourceTree = "<group>"; };
		91AA65BF21CB8FE50055905F /* Category.h */ = {isa = PBXFileReference; lastKnownFileType = sourcecode.c.h; path = Category.h; sourceTree = "<group>"; };
		91AA65C021CB8FF50055905F /* Button.h */ = {isa = PBXFileReference; lastKnownFileType = sourcecode.c.h; path = Button.h; sourceTree = "<group>"; };
		91B3BE4A21A695160044CC8D /* UIControl+Block.h */ = {isa = PBXFileReference; fileEncoding = 4; lastKnownFileType = sourcecode.c.h; path = "UIControl+Block.h"; sourceTree = "<group>"; };
		91B3BE4B21A695160044CC8D /* UIControl+Block.m */ = {isa = PBXFileReference; fileEncoding = 4; lastKnownFileType = sourcecode.c.objc; path = "UIControl+Block.m"; sourceTree = "<group>"; };
		91B8B77C227305DB004FB751 /* NSDate+Tool.h */ = {isa = PBXFileReference; lastKnownFileType = sourcecode.c.h; path = "NSDate+Tool.h"; sourceTree = "<group>"; };
		91B8B77D227305DB004FB751 /* NSDate+Tool.m */ = {isa = PBXFileReference; lastKnownFileType = sourcecode.c.objc; path = "NSDate+Tool.m"; sourceTree = "<group>"; };
		91F943CD22B23C9F00C8E124 /* JHBaseTableView.h */ = {isa = PBXFileReference; lastKnownFileType = sourcecode.c.h; path = JHBaseTableView.h; sourceTree = "<group>"; };
		91F943CE22B23C9F00C8E124 /* JHBaseTableView.m */ = {isa = PBXFileReference; lastKnownFileType = sourcecode.c.objc; path = JHBaseTableView.m; sourceTree = "<group>"; };
		92D1C6EFC981BC9F00DF6516 /* Pods_JHToolsModule.framework */ = {isa = PBXFileReference; explicitFileType = wrapper.framework; includeInIndex = 0; path = Pods_JHToolsModule.framework; sourceTree = BUILT_PRODUCTS_DIR; };
		95FA7E3492E9CD1A3F6CBC06 /* Pods_JHToolsModule_Swift.framework */ = {isa = PBXFileReference; explicitFileType = wrapper.framework; includeInIndex = 0; path = Pods_JHToolsModule_Swift.framework; sourceTree = BUILT_PRODUCTS_DIR; };
		B18AE08586D1AEDD7D5D41F5 /* Pods-JHToolsModule.debug.xcconfig */ = {isa = PBXFileReference; includeInIndex = 1; lastKnownFileType = text.xcconfig; name = "Pods-JHToolsModule.debug.xcconfig"; path = "Pods/Target Support Files/Pods-JHToolsModule/Pods-JHToolsModule.debug.xcconfig"; sourceTree = "<group>"; };
		E2B8AA772306751D000BE864 /* JHBaseCollectionViewCell.h */ = {isa = PBXFileReference; lastKnownFileType = sourcecode.c.h; path = JHBaseCollectionViewCell.h; sourceTree = "<group>"; };
		E2B8AA782306751D000BE864 /* JHBaseCollectionViewCell.m */ = {isa = PBXFileReference; lastKnownFileType = sourcecode.c.objc; path = JHBaseCollectionViewCell.m; sourceTree = "<group>"; };
		E2B8AA7A23067541000BE864 /* JHBaseCollectionReusableView.h */ = {isa = PBXFileReference; lastKnownFileType = sourcecode.c.h; path = JHBaseCollectionReusableView.h; sourceTree = "<group>"; };
		E2B8AA7B23067541000BE864 /* JHBaseCollectionReusableView.m */ = {isa = PBXFileReference; lastKnownFileType = sourcecode.c.objc; path = JHBaseCollectionReusableView.m; sourceTree = "<group>"; };
		E2B8AA7D23069395000BE864 /* JHBaseCollectionViewController.h */ = {isa = PBXFileReference; lastKnownFileType = sourcecode.c.h; path = JHBaseCollectionViewController.h; sourceTree = "<group>"; };
		E2B8AA7E23069395000BE864 /* JHBaseCollectionViewController.m */ = {isa = PBXFileReference; lastKnownFileType = sourcecode.c.objc; path = JHBaseCollectionViewController.m; sourceTree = "<group>"; };
		E2B8AA802306B73B000BE864 /* CollViewController.h */ = {isa = PBXFileReference; lastKnownFileType = sourcecode.c.h; path = CollViewController.h; sourceTree = "<group>"; };
		E2B8AA812306B73B000BE864 /* CollViewController.m */ = {isa = PBXFileReference; lastKnownFileType = sourcecode.c.objc; path = CollViewController.m; sourceTree = "<group>"; };
		EE1F804A31CE0135D7C7784C /* Pods-JHToolsModule_Swift.release.xcconfig */ = {isa = PBXFileReference; includeInIndex = 1; lastKnownFileType = text.xcconfig; name = "Pods-JHToolsModule_Swift.release.xcconfig"; path = "Pods/Target Support Files/Pods-JHToolsModule_Swift/Pods-JHToolsModule_Swift.release.xcconfig"; sourceTree = "<group>"; };
		F97202E71F0164F075C5D120 /* Pods-JHToolsModule.release.xcconfig */ = {isa = PBXFileReference; includeInIndex = 1; lastKnownFileType = text.xcconfig; name = "Pods-JHToolsModule.release.xcconfig"; path = "Pods/Target Support Files/Pods-JHToolsModule/Pods-JHToolsModule.release.xcconfig"; sourceTree = "<group>"; };
/* End PBXFileReference section */

/* Begin PBXFrameworksBuildPhase section */
		850741F320FD9AAA004439B9 /* Frameworks */ = {
			isa = PBXFrameworksBuildPhase;
			buildActionMask = 2147483647;
			files = (
				1F3F6D4161DDA9987A6EF4D8 /* Pods_JHToolsModule.framework in Frameworks */,
			);
			runOnlyForDeploymentPostprocessing = 0;
		};
/* End PBXFrameworksBuildPhase section */

/* Begin PBXGroup section */
		850741ED20FD9AAA004439B9 = {
			isa = PBXGroup;
			children = (
				850741F820FD9AAA004439B9 /* JHToolsModule */,
				850741F720FD9AAA004439B9 /* Products */,
				9867CF50D0E1633A58B82E3A /* Pods */,
				A7B7BAF33AF7B8569F717895 /* Frameworks */,
			);
			sourceTree = "<group>";
		};
		850741F720FD9AAA004439B9 /* Products */ = {
			isa = PBXGroup;
			children = (
				850741F620FD9AAA004439B9 /* JHToolsModule.app */,
			);
			name = Products;
			sourceTree = "<group>";
		};
		850741F820FD9AAA004439B9 /* JHToolsModule */ = {
			isa = PBXGroup;
			children = (
				85E4E300212D35B4001FB1A9 /* Images */,
				8574B6BB20FF237100F3EB05 /* Class */,
				850741F920FD9AAA004439B9 /* AppDelegate.h */,
				850741FA20FD9AAA004439B9 /* AppDelegate.m */,
				850741FC20FD9AAA004439B9 /* ViewController.h */,
				850741FD20FD9AAA004439B9 /* ViewController.m */,
				E2B8AA802306B73B000BE864 /* CollViewController.h */,
				E2B8AA812306B73B000BE864 /* CollViewController.m */,
				850741FF20FD9AAA004439B9 /* Main.storyboard */,
				8507420220FD9AB9004439B9 /* Assets.xcassets */,
				8507420420FD9AB9004439B9 /* LaunchScreen.storyboard */,
				8507420720FD9AB9004439B9 /* Info.plist */,
				8507420820FD9AB9004439B9 /* main.m */,
			);
			path = JHToolsModule;
			sourceTree = "<group>";
		};
		8574B6BB20FF237100F3EB05 /* Class */ = {
			isa = PBXGroup;
			children = (
				8538AE3921008D1000AF014C /* JHToolsModule.h */,
				8574B6BF20FF23AC00F3EB05 /* Utility */,
				8574B6BE20FF239A00F3EB05 /* BaseVC */,
				8574B6BD20FF238900F3EB05 /* Define */,
				8574B6BC20FF237900F3EB05 /* Category */,
			);
			path = Class;
			sourceTree = "<group>";
		};
		8574B6BC20FF237900F3EB05 /* Category */ = {
			isa = PBXGroup;
			children = (
				91AA65BF21CB8FE50055905F /* Category.h */,
				8508714C212AD42F006EA702 /* NSArray+Sudoku.h */,
				8508714B212AD42F006EA702 /* NSArray+Sudoku.m */,
				91B8B77C227305DB004FB751 /* NSDate+Tool.h */,
				91B8B77D227305DB004FB751 /* NSDate+Tool.m */,
				8574B6F920FF2FF000F3EB05 /* BaseUI */,
				8574B6F820FF2FD600F3EB05 /* Button */,
				8574B6F720FF2FCD00F3EB05 /* Masonry */,
				8574B6F620FF2FBF00F3EB05 /* Safe */,
			);
			path = Category;
			sourceTree = "<group>";
		};
		8574B6BD20FF238900F3EB05 /* Define */ = {
			isa = PBXGroup;
			children = (
				8574B6EC20FF2E2A00F3EB05 /* JHToolsDefine.h */,
			);
			path = Define;
			sourceTree = "<group>";
		};
		8574B6BE20FF239A00F3EB05 /* BaseVC */ = {
			isa = PBXGroup;
			children = (
				91AA65BE21CB8FD40055905F /* BaseVC.h */,
				8574B6F020FF2ED600F3EB05 /* JHBaseViewController.h */,
				8574B6F120FF2ED600F3EB05 /* JHBaseViewController.m */,
				8574B6F320FF2EF900F3EB05 /* JHBaseTableViewController.h */,
				8574B6F420FF2EF900F3EB05 /* JHBaseTableViewController.m */,
				E2B8AA7D23069395000BE864 /* JHBaseCollectionViewController.h */,
				E2B8AA7E23069395000BE864 /* JHBaseCollectionViewController.m */,
				8523429B2113173E00364793 /* JHBaseWebViewController.h */,
				8523429C2113173E00364793 /* JHBaseWebViewController.m */,
			);
			path = BaseVC;
			sourceTree = "<group>";
		};
		8574B6BF20FF23AC00F3EB05 /* Utility */ = {
			isa = PBXGroup;
			children = (
				91AA65BB21CB8FB70055905F /* Utility.h */,
				91F943CD22B23C9F00C8E124 /* JHBaseTableView.h */,
				91F943CE22B23C9F00C8E124 /* JHBaseTableView.m */,
				910F8A2221F70C05009DBC37 /* JHBaseTableViewCell.h */,
				910F8A2321F70C05009DBC37 /* JHBaseTableViewCell.m */,
				910F8A2521F713F2009DBC37 /* JHBaseHeaderFooterView.h */,
				910F8A2621F713F2009DBC37 /* JHBaseHeaderFooterView.m */,
				E2B8AA772306751D000BE864 /* JHBaseCollectionViewCell.h */,
				E2B8AA782306751D000BE864 /* JHBaseCollectionViewCell.m */,
				E2B8AA7A23067541000BE864 /* JHBaseCollectionReusableView.h */,
				E2B8AA7B23067541000BE864 /* JHBaseCollectionReusableView.m */,
				910F8A2021F70B6E009DBC37 /* MSWeakTimer.h */,
				910F8A1F21F70B6E009DBC37 /* MSWeakTimer.m */,
				91AA65BA21CB8FB60055905F /* LimitTextField.h */,
				91AA65B821CB8FB40055905F /* LimitTextField.m */,
				91AA65B921CB8FB50055905F /* LimitTextView.h */,
				91AA65B721CB8FB30055905F /* LimitTextView.m */,
				8574B6ED20FF2E6100F3EB05 /* EdgeInsetsLabel.h */,
				8574B6EE20FF2E6100F3EB05 /* EdgeInsetsLabel.m */,
				8523428D2113168000364793 /* EasyShow.h */,
				852342912113168000364793 /* EasyShow.m */,
				852342952113168000364793 /* NLog.h */,
				8523428F2113168000364793 /* NLog.m */,
				8523428C2113167F00364793 /* UserDefaults.h */,
				852342932113168000364793 /* UserDefaults.m */,
				8508714F212AD48F006EA702 /* GPSLocationManager.h */,
				8508714E212AD48F006EA702 /* GPSLocationManager.m */,
				85087152212AD48F006EA702 /* UILineView.h */,
				85087150212AD48F006EA702 /* UILineView.m */,
				85087151212AD48F006EA702 /* WeakScriptMessageDelegate.h */,
				85087153212AD490006EA702 /* WeakScriptMessageDelegate.m */,
			);
			path = Utility;
			sourceTree = "<group>";
		};
		8574B6F620FF2FBF00F3EB05 /* Safe */ = {
			isa = PBXGroup;
			children = (
				8574B71920FF30EE00F3EB05 /* SafeEX.h */,
				8574B72220FF312100F3EB05 /* NSObject+swizzle.h */,
				8574B72320FF312100F3EB05 /* NSObject+swizzle.m */,
				8574B71720FF30ED00F3EB05 /* NSArray+safe.h */,
				8574B71520FF30ED00F3EB05 /* NSArray+safe.m */,
				8574B70F20FF30ED00F3EB05 /* NSDictionary+safe.h */,
				8574B71820FF30ED00F3EB05 /* NSDictionary+safe.m */,
				8574B71420FF30ED00F3EB05 /* NSMutableArray+safe.h */,
				8574B71020FF30ED00F3EB05 /* NSMutableArray+safe.m */,
				8574B71620FF30ED00F3EB05 /* NSMutableDictionary+safe.h */,
				8574B70C20FF30ED00F3EB05 /* NSMutableDictionary+safe.m */,
				8574B71320FF30ED00F3EB05 /* NSNumber+safe.h */,
				8574B70A20FF30ED00F3EB05 /* NSNumber+safe.m */,
				8574B70E20FF30ED00F3EB05 /* NSString+safe.h */,
				8574B70B20FF30ED00F3EB05 /* NSString+safe.m */,
				8574B70D20FF30ED00F3EB05 /* NullSafe.m */,
				8574B71120FF30ED00F3EB05 /* UITableView+safe.h */,
				8574B71220FF30ED00F3EB05 /* UITableView+safe.m */,
			);
			path = Safe;
			sourceTree = "<group>";
		};
		8574B6F720FF2FCD00F3EB05 /* Masonry */ = {
			isa = PBXGroup;
			children = (
				8538AE27210039E100AF014C /* MasonryUI.h */,
				8574B73420FF344400F3EB05 /* JHMasonryTool.h */,
				8574B73520FF344400F3EB05 /* JHMasonryTool.m */,
				8538AE1B2100252A00AF014C /* UIView+Frame.h */,
				8538AE1C2100252A00AF014C /* UIView+Frame.m */,
				8574B73D20FF4AEB00F3EB05 /* UIGestureRecognizer+Block.h */,
				8574B73E20FF4AEB00F3EB05 /* UIGestureRecognizer+Block.m */,
				8574B73720FF359100F3EB05 /* UIButton+Masonry.h */,
				8574B73820FF359100F3EB05 /* UIButton+Masonry.m */,
				8574B73A20FF3B4800F3EB05 /* UICollectionView+Masonry.h */,
				8574B73B20FF3B4800F3EB05 /* UICollectionView+Masonry.m */,
				8574B74020FF4CD200F3EB05 /* UIImageView+Masonry.h */,
				8574B74120FF4CD200F3EB05 /* UIImageView+Masonry.m */,
				8574B74320FF4DFF00F3EB05 /* UILabel+Masonry.h */,
				8574B74420FF4DFF00F3EB05 /* UILabel+Masonry.m */,
				8574B74620FF4F2900F3EB05 /* UITableView+Masonry.h */,
				8574B74720FF4F2900F3EB05 /* UITableView+Masonry.m */,
				8538AE182100248600AF014C /* UITextField+Masonry.h */,
				8538AE192100248600AF014C /* UITextField+Masonry.m */,
				8538AE1E210037A500AF014C /* UITextView+Masonry.h */,
				8538AE1F210037A500AF014C /* UITextView+Masonry.m */,
				8538AE212100383B00AF014C /* UIView+Masonry.h */,
				8538AE222100383B00AF014C /* UIView+Masonry.m */,
				8538AE242100396D00AF014C /* UIWebView+Masonry.h */,
				8538AE252100396D00AF014C /* UIWebView+Masonry.m */,
			);
			path = Masonry;
			sourceTree = "<group>";
		};
		8574B6F820FF2FD600F3EB05 /* Button */ = {
			isa = PBXGroup;
			children = (
				91AA65C021CB8FF50055905F /* Button.h */,
				8574B72920FF317C00F3EB05 /* NSObject+BlockSEL.h */,
				8574B72B20FF317C00F3EB05 /* NSObject+BlockSEL.m */,
				91B3BE4A21A695160044CC8D /* UIControl+Block.h */,
				91B3BE4B21A695160044CC8D /* UIControl+Block.m */,
				8574B72720FF317B00F3EB05 /* UIButton+Countdown.h */,
				8574B72520FF317B00F3EB05 /* UIButton+Countdown.m */,
				8574B72C20FF317C00F3EB05 /* UIButton+Position.h */,
				8574B72A20FF317C00F3EB05 /* UIButton+Position.m */,
			);
			path = Button;
			sourceTree = "<group>";
		};
		8574B6F920FF2FF000F3EB05 /* BaseUI */ = {
			isa = PBXGroup;
			children = (
				8574B6FF20FF304500F3EB05 /* BaseUI.h */,
				8574B6FE20FF304500F3EB05 /* NSString+Base.h */,
				8574B6FD20FF304500F3EB05 /* NSString+Base.m */,
				8538AE2821003F0900AF014C /* UITableViewCell+AddLine.h */,
				8538AE2921003F0900AF014C /* UITableViewCell+AddLine.m */,
				853EB6BA2146188800B041BE /* UILabel+FitLines.h */,
				853EB6BB2146188800B041BE /* UILabel+FitLines.m */,
				91420FCD21B7C033005B7961 /* UILabel+AttributeClick.h */,
				91420FCE21B7C033005B7961 /* UILabel+AttributeClick.m */,
				8526922E212C24A50079B497 /* UIImageView+LoadURL.h */,
				8526922D212C24A50079B497 /* UIImageView+LoadURL.m */,
				8574B70720FF307700F3EB05 /* UINavigationBar+BaseUI.h */,
				8574B70820FF307700F3EB05 /* UINavigationBar+BaseUI.m */,
				913C1D8E2379045C00FC9F58 /* UINavigationController+Bar.h */,
				913C1D8F2379045C00FC9F58 /* UINavigationController+Bar.m */,
				8574B6FC20FF304500F3EB05 /* UIColor+BaseUI.h */,
				8574B6FA20FF304500F3EB05 /* UIColor+BaseUI.m */,
				8574B70120FF304500F3EB05 /* UIImage+BaseUI.h */,
				8574B70220FF304500F3EB05 /* UIImage+BaseUI.m */,
			);
			path = BaseUI;
			sourceTree = "<group>";
		};
		85E4E300212D35B4001FB1A9 /* Images */ = {
			isa = PBXGroup;
			children = (
				91276998235701FB00DFAA4A /* Images.xcassets */,
			);
			path = Images;
			sourceTree = "<group>";
		};
		9867CF50D0E1633A58B82E3A /* Pods */ = {
			isa = PBXGroup;
			children = (
				B18AE08586D1AEDD7D5D41F5 /* Pods-JHToolsModule.debug.xcconfig */,
				F97202E71F0164F075C5D120 /* Pods-JHToolsModule.release.xcconfig */,
				660995E97A9D0ECE1574C165 /* Pods-JHToolsModule_Swift.debug.xcconfig */,
				EE1F804A31CE0135D7C7784C /* Pods-JHToolsModule_Swift.release.xcconfig */,
			);
			name = Pods;
			sourceTree = "<group>";
		};
		A7B7BAF33AF7B8569F717895 /* Frameworks */ = {
			isa = PBXGroup;
			children = (
				92D1C6EFC981BC9F00DF6516 /* Pods_JHToolsModule.framework */,
				95FA7E3492E9CD1A3F6CBC06 /* Pods_JHToolsModule_Swift.framework */,
			);
			name = Frameworks;
			sourceTree = "<group>";
		};
/* End PBXGroup section */

/* Begin PBXNativeTarget section */
		850741F520FD9AAA004439B9 /* JHToolsModule */ = {
			isa = PBXNativeTarget;
			buildConfigurationList = 8507420C20FD9AB9004439B9 /* Build configuration list for PBXNativeTarget "JHToolsModule" */;
			buildPhases = (
				E2836A21303798E0F4A0EA41 /* [CP] Check Pods Manifest.lock */,
				850741F220FD9AAA004439B9 /* Sources */,
				850741F320FD9AAA004439B9 /* Frameworks */,
				850741F420FD9AAA004439B9 /* Resources */,
				61B47F1ECC664910BD4EDE78 /* [CP] Embed Pods Frameworks */,
				8564BA6B215F66F50021075A /* ShellScript */,
			);
			buildRules = (
			);
			dependencies = (
			);
			name = JHToolsModule;
			productName = JHToolsModule;
			productReference = 850741F620FD9AAA004439B9 /* JHToolsModule.app */;
			productType = "com.apple.product-type.application";
		};
/* End PBXNativeTarget section */

/* Begin PBXProject section */
		850741EE20FD9AAA004439B9 /* Project object */ = {
			isa = PBXProject;
			attributes = {
				DefaultBuildSystemTypeForWorkspace = Original;
				LastSwiftUpdateCheck = 1120;
				LastUpgradeCheck = 0940;
				ORGANIZATIONNAME = HU;
				TargetAttributes = {
					850741F520FD9AAA004439B9 = {
						CreatedOnToolsVersion = 9.4.1;
					};
				};
			};
			buildConfigurationList = 850741F120FD9AAA004439B9 /* Build configuration list for PBXProject "JHToolsModule" */;
			compatibilityVersion = "Xcode 9.3";
			developmentRegion = en;
			hasScannedForEncodings = 0;
			knownRegions = (
				en,
				Base,
			);
			mainGroup = 850741ED20FD9AAA004439B9;
			productRefGroup = 850741F720FD9AAA004439B9 /* Products */;
			projectDirPath = "";
			projectRoot = "";
			targets = (
				850741F520FD9AAA004439B9 /* JHToolsModule */,
			);
		};
/* End PBXProject section */

/* Begin PBXResourcesBuildPhase section */
		850741F420FD9AAA004439B9 /* Resources */ = {
			isa = PBXResourcesBuildPhase;
			buildActionMask = 2147483647;
			files = (
				8507420620FD9AB9004439B9 /* LaunchScreen.storyboard in Resources */,
				91276999235701FB00DFAA4A /* Images.xcassets in Resources */,
				8507420320FD9AB9004439B9 /* Assets.xcassets in Resources */,
				8507420120FD9AAA004439B9 /* Main.storyboard in Resources */,
			);
			runOnlyForDeploymentPostprocessing = 0;
		};
/* End PBXResourcesBuildPhase section */

/* Begin PBXShellScriptBuildPhase section */
		61B47F1ECC664910BD4EDE78 /* [CP] Embed Pods Frameworks */ = {
			isa = PBXShellScriptBuildPhase;
			buildActionMask = 2147483647;
			files = (
			);
			inputFileListPaths = (
				"${PODS_ROOT}/Target Support Files/Pods-JHToolsModule/Pods-JHToolsModule-frameworks-${CONFIGURATION}-input-files.xcfilelist",
			);
			name = "[CP] Embed Pods Frameworks";
			outputFileListPaths = (
				"${PODS_ROOT}/Target Support Files/Pods-JHToolsModule/Pods-JHToolsModule-frameworks-${CONFIGURATION}-output-files.xcfilelist",
			);
			runOnlyForDeploymentPostprocessing = 0;
			shellPath = /bin/sh;
			shellScript = "\"${PODS_ROOT}/Target Support Files/Pods-JHToolsModule/Pods-JHToolsModule-frameworks.sh\"\n";
			showEnvVarsInLog = 0;
		};
		8564BA6B215F66F50021075A /* ShellScript */ = {
			isa = PBXShellScriptBuildPhase;
			buildActionMask = 2147483647;
			files = (
			);
			inputFileListPaths = (
			);
			inputPaths = (
			);
			outputFileListPaths = (
			);
			outputPaths = (
			);
			runOnlyForDeploymentPostprocessing = 0;
			shellPath = /bin/sh;
			shellScript = "# Type a script or drag a script file from your workspace to insert its path.\nTAGS=\"TODO:|FIX:\"\nfind \"${SRCROOT}\" \\( -name \"*.h\" -or -name \"*.m\" -or -name \"*.swift\" \\) -print0 | xargs -0 egrep --with-filename --line-number --only-matching \"($TAGS).*\\$\" | perl -p -e \"s/($TAGS)/ warning: \\$1/\"\n";
		};
		E2836A21303798E0F4A0EA41 /* [CP] Check Pods Manifest.lock */ = {
			isa = PBXShellScriptBuildPhase;
			buildActionMask = 2147483647;
			files = (
			);
			inputPaths = (
				"${PODS_PODFILE_DIR_PATH}/Podfile.lock",
				"${PODS_ROOT}/Manifest.lock",
			);
			name = "[CP] Check Pods Manifest.lock";
			outputPaths = (
				"$(DERIVED_FILE_DIR)/Pods-JHToolsModule-checkManifestLockResult.txt",
			);
			runOnlyForDeploymentPostprocessing = 0;
			shellPath = /bin/sh;
			shellScript = "diff \"${PODS_PODFILE_DIR_PATH}/Podfile.lock\" \"${PODS_ROOT}/Manifest.lock\" > /dev/null\nif [ $? != 0 ] ; then\n    # print error to STDERR\n    echo \"error: The sandbox is not in sync with the Podfile.lock. Run 'pod install' or update your CocoaPods installation.\" >&2\n    exit 1\nfi\n# This output is used by Xcode 'outputs' to avoid re-running this script phase.\necho \"SUCCESS\" > \"${SCRIPT_OUTPUT_FILE_0}\"\n";
			showEnvVarsInLog = 0;
		};
/* End PBXShellScriptBuildPhase section */

/* Begin PBXSourcesBuildPhase section */
		850741F220FD9AAA004439B9 /* Sources */ = {
			isa = PBXSourcesBuildPhase;
			buildActionMask = 2147483647;
			files = (
				853EB6BC2146188800B041BE /* UILabel+FitLines.m in Sources */,
				8574B70420FF304500F3EB05 /* NSString+Base.m in Sources */,
				91AA65BD21CB8FB70055905F /* LimitTextField.m in Sources */,
				8538AE2A21003F0900AF014C /* UITableViewCell+AddLine.m in Sources */,
				91F943CF22B23C9F00C8E124 /* JHBaseTableView.m in Sources */,
				8574B70320FF304500F3EB05 /* UIColor+BaseUI.m in Sources */,
				E2B8AA7F23069395000BE864 /* JHBaseCollectionViewController.m in Sources */,
				85087155212AD490006EA702 /* UILineView.m in Sources */,
				8574B72D20FF317C00F3EB05 /* UIButton+Countdown.m in Sources */,
				8538AE232100383B00AF014C /* UIView+Masonry.m in Sources */,
				8523429D2113173E00364793 /* JHBaseWebViewController.m in Sources */,
				910F8A2121F70B6E009DBC37 /* MSWeakTimer.m in Sources */,
				91420FCF21B7C033005B7961 /* UILabel+AttributeClick.m in Sources */,
				91B8B77E227305DB004FB751 /* NSDate+Tool.m in Sources */,
				8523429A2113168000364793 /* UserDefaults.m in Sources */,
				8538AE262100396D00AF014C /* UIWebView+Masonry.m in Sources */,
				8574B71D20FF30EE00F3EB05 /* NullSafe.m in Sources */,
				8574B74820FF4F2900F3EB05 /* UITableView+Masonry.m in Sources */,
				8574B73920FF359100F3EB05 /* UIButton+Masonry.m in Sources */,
				8574B73620FF344400F3EB05 /* JHMasonryTool.m in Sources */,
				8574B70920FF307700F3EB05 /* UINavigationBar+BaseUI.m in Sources */,
				8508714D212AD42F006EA702 /* NSArray+Sudoku.m in Sources */,
				E2B8AA7C23067541000BE864 /* JHBaseCollectionReusableView.m in Sources */,
				8538AE1A2100248600AF014C /* UITextField+Masonry.m in Sources */,
				8574B72420FF312100F3EB05 /* NSObject+swizzle.m in Sources */,
				910F8A2721F713F2009DBC37 /* JHBaseHeaderFooterView.m in Sources */,
				852342982113168000364793 /* EasyShow.m in Sources */,
				910F8A2421F70C05009DBC37 /* JHBaseTableViewCell.m in Sources */,
				85087156212AD490006EA702 /* WeakScriptMessageDelegate.m in Sources */,
				913C1D902379045C00FC9F58 /* UINavigationController+Bar.m in Sources */,
				8574B71E20FF30EE00F3EB05 /* NSMutableArray+safe.m in Sources */,
				8574B73C20FF3B4800F3EB05 /* UICollectionView+Masonry.m in Sources */,
				91AA65BC21CB8FB70055905F /* LimitTextView.m in Sources */,
				850741FE20FD9AAA004439B9 /* ViewController.m in Sources */,
				8538AE1D2100252A00AF014C /* UIView+Frame.m in Sources */,
				8507420920FD9AB9004439B9 /* main.m in Sources */,
				8574B72120FF30EE00F3EB05 /* NSDictionary+safe.m in Sources */,
				8574B74220FF4CD200F3EB05 /* UIImageView+Masonry.m in Sources */,
				8574B72020FF30EE00F3EB05 /* NSArray+safe.m in Sources */,
				8574B72F20FF317C00F3EB05 /* UIButton+Position.m in Sources */,
				8574B71C20FF30EE00F3EB05 /* NSMutableDictionary+safe.m in Sources */,
				852342972113168000364793 /* NLog.m in Sources */,
				8526922F212C24A50079B497 /* UIImageView+LoadURL.m in Sources */,
				E2B8AA792306751D000BE864 /* JHBaseCollectionViewCell.m in Sources */,
				85087154212AD490006EA702 /* GPSLocationManager.m in Sources */,
				E2B8AA822306B73B000BE864 /* CollViewController.m in Sources */,
				8574B71A20FF30EE00F3EB05 /* NSNumber+safe.m in Sources */,
				8574B71F20FF30EE00F3EB05 /* UITableView+safe.m in Sources */,
				8574B73020FF317C00F3EB05 /* NSObject+BlockSEL.m in Sources */,
				850741FB20FD9AAA004439B9 /* AppDelegate.m in Sources */,
				8574B6EF20FF2E6100F3EB05 /* EdgeInsetsLabel.m in Sources */,
				8574B73F20FF4AEB00F3EB05 /* UIGestureRecognizer+Block.m in Sources */,
				8574B74520FF4DFF00F3EB05 /* UILabel+Masonry.m in Sources */,
				8574B6F520FF2EF900F3EB05 /* JHBaseTableViewController.m in Sources */,
				8574B70620FF304500F3EB05 /* UIImage+BaseUI.m in Sources */,
				8538AE20210037A500AF014C /* UITextView+Masonry.m in Sources */,
				8574B6F220FF2ED600F3EB05 /* JHBaseViewController.m in Sources */,
				8574B71B20FF30EE00F3EB05 /* NSString+safe.m in Sources */,
				91B3BE4C21A695160044CC8D /* UIControl+Block.m in Sources */,
			);
			runOnlyForDeploymentPostprocessing = 0;
		};
/* End PBXSourcesBuildPhase section */

/* Begin PBXVariantGroup section */
		850741FF20FD9AAA004439B9 /* Main.storyboard */ = {
			isa = PBXVariantGroup;
			children = (
				8507420020FD9AAA004439B9 /* Base */,
			);
			name = Main.storyboard;
			sourceTree = "<group>";
		};
		8507420420FD9AB9004439B9 /* LaunchScreen.storyboard */ = {
			isa = PBXVariantGroup;
			children = (
				8507420520FD9AB9004439B9 /* Base */,
			);
			name = LaunchScreen.storyboard;
			sourceTree = "<group>";
		};
/* End PBXVariantGroup section */

/* Begin XCBuildConfiguration section */
		8507420A20FD9AB9004439B9 /* Debug */ = {
			isa = XCBuildConfiguration;
			buildSettings = {
				ALWAYS_SEARCH_USER_PATHS = NO;
				CLANG_ANALYZER_NONNULL = YES;
				CLANG_ANALYZER_NUMBER_OBJECT_CONVERSION = YES_AGGRESSIVE;
				CLANG_CXX_LANGUAGE_STANDARD = "gnu++14";
				CLANG_CXX_LIBRARY = "libc++";
				CLANG_ENABLE_MODULES = YES;
				CLANG_ENABLE_OBJC_ARC = YES;
				CLANG_ENABLE_OBJC_WEAK = YES;
				CLANG_WARN_BLOCK_CAPTURE_AUTORELEASING = YES;
				CLANG_WARN_BOOL_CONVERSION = YES;
				CLANG_WARN_COMMA = YES;
				CLANG_WARN_CONSTANT_CONVERSION = YES;
				CLANG_WARN_DEPRECATED_OBJC_IMPLEMENTATIONS = YES;
				CLANG_WARN_DIRECT_OBJC_ISA_USAGE = YES_ERROR;
				CLANG_WARN_DOCUMENTATION_COMMENTS = YES;
				CLANG_WARN_EMPTY_BODY = YES;
				CLANG_WARN_ENUM_CONVERSION = YES;
				CLANG_WARN_INFINITE_RECURSION = YES;
				CLANG_WARN_INT_CONVERSION = YES;
				CLANG_WARN_NON_LITERAL_NULL_CONVERSION = YES;
				CLANG_WARN_OBJC_IMPLICIT_RETAIN_SELF = YES;
				CLANG_WARN_OBJC_LITERAL_CONVERSION = YES;
				CLANG_WARN_OBJC_ROOT_CLASS = YES_ERROR;
				CLANG_WARN_RANGE_LOOP_ANALYSIS = YES;
				CLANG_WARN_STRICT_PROTOTYPES = YES;
				CLANG_WARN_SUSPICIOUS_MOVE = YES;
				CLANG_WARN_UNGUARDED_AVAILABILITY = YES_AGGRESSIVE;
				CLANG_WARN_UNREACHABLE_CODE = YES;
				CLANG_WARN__DUPLICATE_METHOD_MATCH = YES;
				CODE_SIGN_IDENTITY = "iPhone Developer";
				COPY_PHASE_STRIP = NO;
				DEBUG_INFORMATION_FORMAT = dwarf;
				ENABLE_STRICT_OBJC_MSGSEND = YES;
				ENABLE_TESTABILITY = YES;
				GCC_C_LANGUAGE_STANDARD = gnu11;
				GCC_DYNAMIC_NO_PIC = NO;
				GCC_NO_COMMON_BLOCKS = YES;
				GCC_OPTIMIZATION_LEVEL = 0;
				GCC_PREPROCESSOR_DEFINITIONS = (
					"DEBUG=1",
					"$(inherited)",
				);
				GCC_WARN_64_TO_32_BIT_CONVERSION = YES;
				GCC_WARN_ABOUT_RETURN_TYPE = YES_ERROR;
				GCC_WARN_UNDECLARED_SELECTOR = YES;
				GCC_WARN_UNINITIALIZED_AUTOS = YES_AGGRESSIVE;
				GCC_WARN_UNUSED_FUNCTION = YES;
				GCC_WARN_UNUSED_VARIABLE = YES;
				IPHONEOS_DEPLOYMENT_TARGET = 11.4;
				MTL_ENABLE_DEBUG_INFO = YES;
				ONLY_ACTIVE_ARCH = YES;
				SDKROOT = iphoneos;
			};
			name = Debug;
		};
		8507420B20FD9AB9004439B9 /* Release */ = {
			isa = XCBuildConfiguration;
			buildSettings = {
				ALWAYS_SEARCH_USER_PATHS = NO;
				CLANG_ANALYZER_NONNULL = YES;
				CLANG_ANALYZER_NUMBER_OBJECT_CONVERSION = YES_AGGRESSIVE;
				CLANG_CXX_LANGUAGE_STANDARD = "gnu++14";
				CLANG_CXX_LIBRARY = "libc++";
				CLANG_ENABLE_MODULES = YES;
				CLANG_ENABLE_OBJC_ARC = YES;
				CLANG_ENABLE_OBJC_WEAK = YES;
				CLANG_WARN_BLOCK_CAPTURE_AUTORELEASING = YES;
				CLANG_WARN_BOOL_CONVERSION = YES;
				CLANG_WARN_COMMA = YES;
				CLANG_WARN_CONSTANT_CONVERSION = YES;
				CLANG_WARN_DEPRECATED_OBJC_IMPLEMENTATIONS = YES;
				CLANG_WARN_DIRECT_OBJC_ISA_USAGE = YES_ERROR;
				CLANG_WARN_DOCUMENTATION_COMMENTS = YES;
				CLANG_WARN_EMPTY_BODY = YES;
				CLANG_WARN_ENUM_CONVERSION = YES;
				CLANG_WARN_INFINITE_RECURSION = YES;
				CLANG_WARN_INT_CONVERSION = YES;
				CLANG_WARN_NON_LITERAL_NULL_CONVERSION = YES;
				CLANG_WARN_OBJC_IMPLICIT_RETAIN_SELF = YES;
				CLANG_WARN_OBJC_LITERAL_CONVERSION = YES;
				CLANG_WARN_OBJC_ROOT_CLASS = YES_ERROR;
				CLANG_WARN_RANGE_LOOP_ANALYSIS = YES;
				CLANG_WARN_STRICT_PROTOTYPES = YES;
				CLANG_WARN_SUSPICIOUS_MOVE = YES;
				CLANG_WARN_UNGUARDED_AVAILABILITY = YES_AGGRESSIVE;
				CLANG_WARN_UNREACHABLE_CODE = YES;
				CLANG_WARN__DUPLICATE_METHOD_MATCH = YES;
				CODE_SIGN_IDENTITY = "iPhone Developer";
				COPY_PHASE_STRIP = NO;
				DEBUG_INFORMATION_FORMAT = "dwarf-with-dsym";
				ENABLE_NS_ASSERTIONS = NO;
				ENABLE_STRICT_OBJC_MSGSEND = YES;
				GCC_C_LANGUAGE_STANDARD = gnu11;
				GCC_NO_COMMON_BLOCKS = YES;
				GCC_WARN_64_TO_32_BIT_CONVERSION = YES;
				GCC_WARN_ABOUT_RETURN_TYPE = YES_ERROR;
				GCC_WARN_UNDECLARED_SELECTOR = YES;
				GCC_WARN_UNINITIALIZED_AUTOS = YES_AGGRESSIVE;
				GCC_WARN_UNUSED_FUNCTION = YES;
				GCC_WARN_UNUSED_VARIABLE = YES;
				IPHONEOS_DEPLOYMENT_TARGET = 11.4;
				MTL_ENABLE_DEBUG_INFO = NO;
				SDKROOT = iphoneos;
				VALIDATE_PRODUCT = YES;
			};
			name = Release;
		};
		8507420D20FD9AB9004439B9 /* Debug */ = {
			isa = XCBuildConfiguration;
			baseConfigurationReference = B18AE08586D1AEDD7D5D41F5 /* Pods-JHToolsModule.debug.xcconfig */;
			buildSettings = {
				ASSETCATALOG_COMPILER_APPICON_NAME = AppIcon;
				CODE_SIGN_STYLE = Automatic;
				DEVELOPMENT_TEAM = 226YH5AK6L;
				INFOPLIST_FILE = JHToolsModule/Info.plist;
				IPHONEOS_DEPLOYMENT_TARGET = 9.1;
				LD_RUNPATH_SEARCH_PATHS = (
					"$(inherited)",
					"@executable_path/Frameworks",
				);
				PRODUCT_BUNDLE_IDENTIFIER = com.hu.JHToolsModule;
				PRODUCT_NAME = "$(TARGET_NAME)";
				TARGETED_DEVICE_FAMILY = "1,2";
			};
			name = Debug;
		};
		8507420E20FD9AB9004439B9 /* Release */ = {
			isa = XCBuildConfiguration;
			baseConfigurationReference = F97202E71F0164F075C5D120 /* Pods-JHToolsModule.release.xcconfig */;
			buildSettings = {
				ASSETCATALOG_COMPILER_APPICON_NAME = AppIcon;
				CODE_SIGN_STYLE = Automatic;
				DEVELOPMENT_TEAM = 226YH5AK6L;
				INFOPLIST_FILE = JHToolsModule/Info.plist;
				IPHONEOS_DEPLOYMENT_TARGET = 9.1;
				LD_RUNPATH_SEARCH_PATHS = (
					"$(inherited)",
					"@executable_path/Frameworks",
				);
				PRODUCT_BUNDLE_IDENTIFIER = com.hu.JHToolsModule;
				PRODUCT_NAME = "$(TARGET_NAME)";
				TARGETED_DEVICE_FAMILY = "1,2";
			};
			name = Release;
		};
/* End XCBuildConfiguration section */

/* Begin XCConfigurationList section */
		850741F120FD9AAA004439B9 /* Build configuration list for PBXProject "JHToolsModule" */ = {
			isa = XCConfigurationList;
			buildConfigurations = (
				8507420A20FD9AB9004439B9 /* Debug */,
				8507420B20FD9AB9004439B9 /* Release */,
			);
			defaultConfigurationIsVisible = 0;
			defaultConfigurationName = Release;
		};
		8507420C20FD9AB9004439B9 /* Build configuration list for PBXNativeTarget "JHToolsModule" */ = {
			isa = XCConfigurationList;
			buildConfigurations = (
				8507420D20FD9AB9004439B9 /* Debug */,
				8507420E20FD9AB9004439B9 /* Release */,
			);
			defaultConfigurationIsVisible = 0;
			defaultConfigurationName = Release;
		};
/* End XCConfigurationList section */
	};
	rootObject = 850741EE20FD9AAA004439B9 /* Project object */;
}
