PODS:
  - EasyShowView (2.1.4):
    - EasyShowView/EasyAlert (= 2.1.4)
    - EasyShowView/EasyEmpty (= 2.1.4)
    - EasyShowView/EasyLoading (= 2.1.4)
    - EasyShowView/EasyShowUtils (= 2.1.4)
    - EasyShowView/EasyText (= 2.1.4)
  - EasyShowView/EasyAlert (2.1.4):
    - EasyShowView/EasyShowUtils
  - EasyShowView/EasyEmpty (2.1.4):
    - EasyShowView/EasyShowUtils
  - EasyShowView/EasyLoading (2.1.4):
    - EasyShowView/EasyShowUtils
  - EasyShowView/EasyShowUtils (2.1.4)
  - EasyShowView/EasyText (2.1.4):
    - EasyShowView/EasyShowUtils
  - Masonry (1.1.0)
  - MJRefresh (3.4.3)
  - SDWebImage (5.8.0):
    - SDWebImage/Core (= 5.8.0)
  - SDWebImage/Core (5.8.0)
  - SnapKit (4.2.0)
  - SwifterSwift (5.1.0):
    - SwifterSwift/AppKit (= 5.1.0)
    - SwifterSwift/CoreGraphics (= 5.1.0)
    - SwifterSwift/CoreLocation (= 5.1.0)
    - SwifterSwift/Dispatch (= 5.1.0)
    - SwifterSwift/Foundation (= 5.1.0)
    - SwifterSwift/MapKit (= 5.1.0)
    - SwifterSwift/SceneKit (= 5.1.0)
    - SwifterSwift/SpriteKit (= 5.1.0)
    - SwifterSwift/SwiftStdlib (= 5.1.0)
    - SwifterSwift/UIKit (= 5.1.0)
  - SwifterSwift/AppKit (5.1.0)
  - SwifterSwift/CoreGraphics (5.1.0)
  - SwifterSwift/CoreLocation (5.1.0)
  - SwifterSwift/Dispatch (5.1.0)
  - SwifterSwift/Foundation (5.1.0)
  - SwifterSwift/MapKit (5.1.0)
  - SwifterSwift/SceneKit (5.1.0)
  - SwifterSwift/SpriteKit (5.1.0)
  - SwifterSwift/SwiftStdlib (5.1.0)
  - SwifterSwift/UIKit (5.1.0)

DEPENDENCIES:
  - EasyShowView
  - Masonry
  - MJRefresh
  - SDWebImage
  - SnapKit
  - SwifterSwift

SPEC REPOS:
  trunk:
    - EasyShowView
    - Masonry
    - MJRefresh
    - SDWebImage
    - SnapKit
    - SwifterSwift

SPEC CHECKSUMS:
  EasyShowView: ec832e175d5926baef413e2dc095fb4ec5c3add4
  Masonry: 678fab65091a9290e40e2832a55e7ab731aad201
  MJRefresh: 53e3e3219f204425ee6d3e62e8733d3295944cd6
  SDWebImage: 84000f962cbfa70c07f19d2234cbfcf5d779b5dc
  SnapKit: fe8a619752f3f27075cc9a90244d75c6c3f27e2a
  SwifterSwift: a9e8e144832638c2850b43da5feaf9598c6ad65b

PODFILE CHECKSUM: 473f5c212793395c6a220a3d1fea3b0b5c55dbf0

COCOAPODS: 1.9.1
